
Microsoft Visual Studio Solution File, Format Version 12.00
# Visual Studio Version 16
VisualStudioVersion = 16.0.31424.327
MinimumVisualStudioVersion = 10.0.40219.1
Project("{FAE04EC0-301F-11D3-BF4B-00C04F79EFBC}") = "UserMaintenance", "UserMaintenance\UserMaintenance.csproj", "{7D5AA0C7-A3AA-424F-8DD7-72D80929F1C8}"
EndProject
Project("{FAE04EC0-301F-11D3-BF4B-00C04F79EFBC}") = "otodikhet", "otodikhet\otodikhet.csproj", "{CDD6A3AF-0D4A-4AA9-BBAB-52924C8082A0}"
EndProject
Global
	GlobalSection(SolutionConfigurationPlatforms) = preSolution
		Debug|Any CPU = Debug|Any CPU
		Release|Any CPU = Release|Any CPU
	EndGlobalSection
	GlobalSection(ProjectConfigurationPlatforms) = postSolution
		{7D5AA0C7-A3AA-424F-8DD7-72D80929F1C8}.Debug|Any CPU.ActiveCfg = Debug|Any CPU
		{7D5AA0C7-A3AA-424F-8DD7-72D80929F1C8}.Debug|Any CPU.Build.0 = Debug|Any CPU
		{7D5AA0C7-A3AA-424F-8DD7-72D80929F1C8}.Release|Any CPU.ActiveCfg = Release|Any CPU
		{7D5AA0C7-A3AA-424F-8DD7-72D80929F1C8}.Release|Any CPU.Build.0 = Release|Any CPU
		{CDD6A3AF-0D4A-4AA9-BBAB-52924C8082A0}.Debug|Any CPU.ActiveCfg = Debug|Any CPU
		{CDD6A3AF-0D4A-4AA9-BBAB-52924C8082A0}.Debug|Any CPU.Build.0 = Debug|Any CPU
		{CDD6A3AF-0D4A-4AA9-BBAB-52924C8082A0}.Release|Any CPU.ActiveCfg = Release|Any CPU
		{CDD6A3AF-0D4A-4AA9-BBAB-52924C8082A0}.Release|Any CPU.Build.0 = Release|Any CPU
	EndGlobalSection
	GlobalSection(SolutionProperties) = preSolution
		HideSolutionNode = FALSE
	EndGlobalSection
	GlobalSection(ExtensibilityGlobals) = postSolution
		SolutionGuid = {35A4F5B6-DF7C-4369-B46E-85C4E913B924}
	EndGlobalSection
EndGlobal
